<?xml version="1.0" encoding="utf-8"?>
<Project ToolsVersion="4.0" xmlns="http://schemas.microsoft.com/developer/msbuild/2003">
  <ItemGroup>
    <Filter Include="Archivos de origen">
      <UniqueIdentifier>{4FC737F1-C7A5-4376-A066-2A32D752A2FF}</UniqueIdentifier>
      <Extensions>cpp;c;cc;cxx;c++;cppm;ixx;def;odl;idl;hpj;bat;asm;asmx</Extensions>
    </Filter>
    <Filter Include="Archivos de encabezado">
      <UniqueIdentifier>{93995380-89BD-4b04-88EB-625FBE52EBFB}</UniqueIdentifier>
      <Extensions>h;hh;hpp;hxx;h++;hm;inl;inc;ipp;xsd</Extensions>
    </Filter>
    <Filter Include="Archivos de recursos">
      <UniqueIdentifier>{67DA6AB6-F800-4c08-8B7A-83BB121AAD01}</UniqueIdentifier>
      <Extensions>rc;ico;cur;bmp;dlg;rc2;rct;bin;rgs;gif;jpg;jpeg;jpe;resx;tiff;tif;png;wav;mfcribbon-ms</Extensions>
    </Filter>
    <Filter Include="Archivos de encabezado\Networking">
      <UniqueIdentifier>{c9635c2c-ee71-449e-a410-eb169aefee45}</UniqueIdentifier>
    </Filter>
    <Filter Include="Archivos de origen\Networking">
      <UniqueIdentifier>{45fef74e-5532-4fc6-b4b0-5927c6d348e7}</UniqueIdentifier>
    </Filter>
    <Filter Include="Archivos de encabezado\UI">
      <UniqueIdentifier>{48a04f1a-44d3-424b-8f2c-3219099165f7}</UniqueIdentifier>
    </Filter>
    <Filter Include="Archivos de origen\UI">
      <UniqueIdentifier>{2e9ab918-a7a5-4deb-81be-c34341a211f3}</UniqueIdentifier>
    </Filter>
    <Filter Include="Archivos de encabezado\Networking\Messages">
      <UniqueIdentifier>{f11a6e79-be47-4ba6-bc68-327ec83e9118}</UniqueIdentifier>
    </Filter>
    <Filter Include="Archivos de origen\Networking\Messages">
      <UniqueIdentifier>{edadbfd2-bc15-43c7-906c-eeda2ab7a7cc}</UniqueIdentifier>
    </Filter>
    <Filter Include="Archivos de recursos\UI">
      <UniqueIdentifier>{f48261ae-6468-411b-8e6c-5c7ba6a5fa63}</UniqueIdentifier>
    </Filter>
  </ItemGroup>
  <ItemGroup>
    <ClInclude Include="Include\NetworkRole.h">
      <Filter>Archivos de encabezado\Networking</Filter>
    </ClInclude>
    <ClInclude Include="Source\NetworkRole.cpp">
      <Filter>Archivos de origen\Networking</Filter>
    </ClInclude>
    <ClInclude Include="Include\Application.h">
      <Filter>Archivos de encabezado</Filter>
    </ClInclude>
    <ClInclude Include="Include\Drawing.h">
      <Filter>Archivos de encabezado\UI</Filter>
    </ClInclude>
    <ClInclude Include="Include\Button.h">
      <Filter>Archivos de encabezado\UI</Filter>
    </ClInclude>
    <ClInclude Include="Include\NetworkMessage.h">
      <Filter>Archivos de encabezado\Networking\Messages</Filter>
    </ClInclude>
    <ClInclude Include="Include\NetworkClient.h">
      <Filter>Archivos de encabezado\Networking</Filter>
    </ClInclude>
    <ClInclude Include="Include\NetworkServer.h">
      <Filter>Archivos de encabezado\Networking</Filter>
    </ClInclude>
    <ClInclude Include="Include\Chat.h">
      <Filter>Archivos de encabezado\UI</Filter>
    </ClInclude>
  </ItemGroup>
  <ItemGroup>
    <ClCompile Include="Source\Application.cpp">
      <Filter>Archivos de origen</Filter>
    </ClCompile>
    <ClCompile Include="main.cpp">
      <Filter>Archivos de origen</Filter>
    </ClCompile>
    <ClCompile Include="Source\Drawing.cpp">
      <Filter>Archivos de origen\UI</Filter>
    </ClCompile>
    <ClCompile Include="Source\Button.cpp">
      <Filter>Archivos de origen\UI</Filter>
    </ClCompile>
    <ClCompile Include="Source\NetworkMessage.cpp">
      <Filter>Archivos de origen\Networking\Messages</Filter>
    </ClCompile>
    <ClCompile Include="Source\NetworkClient.cpp">
      <Filter>Archivos de origen\Networking</Filter>
    </ClCompile>
    <ClCompile Include="Source\NetworkServer.cpp">
      <Filter>Archivos de origen\Networking</Filter>
    </ClCompile>
    <ClCompile Include="Source\Chat.cpp">
      <Filter>Archivos de origen\UI</Filter>
    </ClCompile>
  </ItemGroup>
  <ItemGroup>
    <Image Include="Resources\buttons.png">
      <Filter>Archivos de recursos\UI</Filter>
    </Image>
  </ItemGroup>
</Project>